
Microsoft Visual Studio Solution File, Format Version 12.00
# Visual Studio Version 17
VisualStudioVersion = 17.14.36518.9
MinimumVisualStudioVersion = 10.0.40219.1
Project("{FAE04EC0-301F-11D3-BF4B-00C04F79EFBC}") = "AF.ECT.Client", "AF.ECT.Client\AF.ECT.Client.csproj", "{BFAC16AC-C393-8C6C-EC0E-44861D7F6619}"
EndProject
Project("{FAE04EC0-301F-11D3-BF4B-00C04F79EFBC}") = "AF.ECT.AppHost", "AF.ECT.AppHost\AF.ECT.AppHost.csproj", "{20D359CC-8609-46E7-AA76-2EC8CCDB03C7}"
EndProject
Project("{FAE04EC0-301F-11D3-BF4B-00C04F79EFBC}") = "AF.ECT.ServiceDefaults", "AF.ECT.ServiceDefaults\AF.ECT.ServiceDefaults.csproj", "{550170E6-4C9F-A719-758F-27754C7D02F9}"
EndProject
Project("{FAE04EC0-301F-11D3-BF4B-00C04F79EFBC}") = "AF.ECT.Server", "AF.ECT.Server\AF.ECT.Server.csproj", "{BD69158A-4929-4EF8-AFF2-08FFD457CC1F}"
EndProject
Project("{FAE04EC0-301F-11D3-BF4B-00C04F79EFBC}") = "AF.ECT.Shared", "AF.ECT.Shared\AF.ECT.Shared.csproj", "{D9E1F4D1-9399-44C8-B1AF-B7D5B0621E3B}"
EndProject
Project("{FAE04EC0-301F-11D3-BF4B-00C04F79EFBC}") = "AF.ECT.Tests", "AF.ECT.Tests\AF.ECT.Tests.csproj", "{CDAC7B7F-0FF0-4274-A28F-77F0E454C98B}"
EndProject
Global
	GlobalSection(SolutionConfigurationPlatforms) = preSolution
		Debug|Any CPU = Debug|Any CPU
		Debug|x64 = Debug|x64
		Debug|x86 = Debug|x86
		Release|Any CPU = Release|Any CPU
		Release|x64 = Release|x64
		Release|x86 = Release|x86
	EndGlobalSection
	GlobalSection(ProjectConfigurationPlatforms) = postSolution
		{BFAC16AC-C393-8C6C-EC0E-44861D7F6619}.Debug|Any CPU.ActiveCfg = Debug|Any CPU
		{BFAC16AC-C393-8C6C-EC0E-44861D7F6619}.Debug|Any CPU.Build.0 = Debug|Any CPU
		{BFAC16AC-C393-8C6C-EC0E-44861D7F6619}.Debug|x64.ActiveCfg = Debug|Any CPU
		{BFAC16AC-C393-8C6C-EC0E-44861D7F6619}.Debug|x64.Build.0 = Debug|Any CPU
		{BFAC16AC-C393-8C6C-EC0E-44861D7F6619}.Debug|x86.ActiveCfg = Debug|Any CPU
		{BFAC16AC-C393-8C6C-EC0E-44861D7F6619}.Debug|x86.Build.0 = Debug|Any CPU
		{BFAC16AC-C393-8C6C-EC0E-44861D7F6619}.Release|Any CPU.ActiveCfg = Release|Any CPU
		{BFAC16AC-C393-8C6C-EC0E-44861D7F6619}.Release|Any CPU.Build.0 = Release|Any CPU
		{BFAC16AC-C393-8C6C-EC0E-44861D7F6619}.Release|x64.ActiveCfg = Release|Any CPU
		{BFAC16AC-C393-8C6C-EC0E-44861D7F6619}.Release|x64.Build.0 = Release|Any CPU
		{BFAC16AC-C393-8C6C-EC0E-44861D7F6619}.Release|x86.ActiveCfg = Release|Any CPU
		{BFAC16AC-C393-8C6C-EC0E-44861D7F6619}.Release|x86.Build.0 = Release|Any CPU
		{20D359CC-8609-46E7-AA76-2EC8CCDB03C7}.Debug|Any CPU.ActiveCfg = Debug|Any CPU
		{20D359CC-8609-46E7-AA76-2EC8CCDB03C7}.Debug|Any CPU.Build.0 = Debug|Any CPU
		{20D359CC-8609-46E7-AA76-2EC8CCDB03C7}.Debug|x64.ActiveCfg = Debug|Any CPU
		{20D359CC-8609-46E7-AA76-2EC8CCDB03C7}.Debug|x64.Build.0 = Debug|Any CPU
		{20D359CC-8609-46E7-AA76-2EC8CCDB03C7}.Debug|x86.ActiveCfg = Debug|Any CPU
		{20D359CC-8609-46E7-AA76-2EC8CCDB03C7}.Debug|x86.Build.0 = Debug|Any CPU
		{20D359CC-8609-46E7-AA76-2EC8CCDB03C7}.Release|Any CPU.ActiveCfg = Release|Any CPU
		{20D359CC-8609-46E7-AA76-2EC8CCDB03C7}.Release|Any CPU.Build.0 = Release|Any CPU
		{20D359CC-8609-46E7-AA76-2EC8CCDB03C7}.Release|x64.ActiveCfg = Release|Any CPU
		{20D359CC-8609-46E7-AA76-2EC8CCDB03C7}.Release|x64.Build.0 = Release|Any CPU
		{20D359CC-8609-46E7-AA76-2EC8CCDB03C7}.Release|x86.ActiveCfg = Release|Any CPU
		{20D359CC-8609-46E7-AA76-2EC8CCDB03C7}.Release|x86.Build.0 = Release|Any CPU
		{550170E6-4C9F-A719-758F-27754C7D02F9}.Debug|Any CPU.ActiveCfg = Debug|Any CPU
		{550170E6-4C9F-A719-758F-27754C7D02F9}.Debug|Any CPU.Build.0 = Debug|Any CPU
		{550170E6-4C9F-A719-758F-27754C7D02F9}.Debug|x64.ActiveCfg = Debug|Any CPU
		{550170E6-4C9F-A719-758F-27754C7D02F9}.Debug|x64.Build.0 = Debug|Any CPU
		{550170E6-4C9F-A719-758F-27754C7D02F9}.Debug|x86.ActiveCfg = Debug|Any CPU
		{550170E6-4C9F-A719-758F-27754C7D02F9}.Debug|x86.Build.0 = Debug|Any CPU
		{550170E6-4C9F-A719-758F-27754C7D02F9}.Release|Any CPU.ActiveCfg = Release|Any CPU
		{550170E6-4C9F-A719-758F-27754C7D02F9}.Release|Any CPU.Build.0 = Release|Any CPU
		{550170E6-4C9F-A719-758F-27754C7D02F9}.Release|x64.ActiveCfg = Release|Any CPU
		{550170E6-4C9F-A719-758F-27754C7D02F9}.Release|x64.Build.0 = Release|Any CPU
		{550170E6-4C9F-A719-758F-27754C7D02F9}.Release|x86.ActiveCfg = Release|Any CPU
		{550170E6-4C9F-A719-758F-27754C7D02F9}.Release|x86.Build.0 = Release|Any CPU
		{BD69158A-4929-4EF8-AFF2-08FFD457CC1F}.Debug|Any CPU.ActiveCfg = Debug|Any CPU
		{BD69158A-4929-4EF8-AFF2-08FFD457CC1F}.Debug|Any CPU.Build.0 = Debug|Any CPU
		{BD69158A-4929-4EF8-AFF2-08FFD457CC1F}.Debug|x64.ActiveCfg = Debug|Any CPU
		{BD69158A-4929-4EF8-AFF2-08FFD457CC1F}.Debug|x64.Build.0 = Debug|Any CPU
		{BD69158A-4929-4EF8-AFF2-08FFD457CC1F}.Debug|x86.ActiveCfg = Debug|Any CPU
		{BD69158A-4929-4EF8-AFF2-08FFD457CC1F}.Debug|x86.Build.0 = Debug|Any CPU
		{BD69158A-4929-4EF8-AFF2-08FFD457CC1F}.Release|Any CPU.ActiveCfg = Release|Any CPU
		{BD69158A-4929-4EF8-AFF2-08FFD457CC1F}.Release|Any CPU.Build.0 = Release|Any CPU
		{BD69158A-4929-4EF8-AFF2-08FFD457CC1F}.Release|x64.ActiveCfg = Release|Any CPU
		{BD69158A-4929-4EF8-AFF2-08FFD457CC1F}.Release|x64.Build.0 = Release|Any CPU
		{BD69158A-4929-4EF8-AFF2-08FFD457CC1F}.Release|x86.ActiveCfg = Release|Any CPU
		{BD69158A-4929-4EF8-AFF2-08FFD457CC1F}.Release|x86.Build.0 = Release|Any CPU
		{D9E1F4D1-9399-44C8-B1AF-B7D5B0621E3B}.Debug|Any CPU.ActiveCfg = Debug|Any CPU
		{D9E1F4D1-9399-44C8-B1AF-B7D5B0621E3B}.Debug|Any CPU.Build.0 = Debug|Any CPU
		{D9E1F4D1-9399-44C8-B1AF-B7D5B0621E3B}.Debug|x64.ActiveCfg = Debug|Any CPU
		{D9E1F4D1-9399-44C8-B1AF-B7D5B0621E3B}.Debug|x64.Build.0 = Debug|Any CPU
		{D9E1F4D1-9399-44C8-B1AF-B7D5B0621E3B}.Debug|x86.ActiveCfg = Debug|Any CPU
		{D9E1F4D1-9399-44C8-B1AF-B7D5B0621E3B}.Debug|x86.Build.0 = Debug|Any CPU
		{D9E1F4D1-9399-44C8-B1AF-B7D5B0621E3B}.Release|Any CPU.ActiveCfg = Release|Any CPU
		{D9E1F4D1-9399-44C8-B1AF-B7D5B0621E3B}.Release|Any CPU.Build.0 = Release|Any CPU
		{D9E1F4D1-9399-44C8-B1AF-B7D5B0621E3B}.Release|x64.ActiveCfg = Release|Any CPU
		{D9E1F4D1-9399-44C8-B1AF-B7D5B0621E3B}.Release|x64.Build.0 = Release|Any CPU
		{D9E1F4D1-9399-44C8-B1AF-B7D5B0621E3B}.Release|x86.ActiveCfg = Release|Any CPU
		{D9E1F4D1-9399-44C8-B1AF-B7D5B0621E3B}.Release|x86.Build.0 = Release|Any CPU
		{CDAC7B7F-0FF0-4274-A28F-77F0E454C98B}.Debug|Any CPU.ActiveCfg = Debug|Any CPU
		{CDAC7B7F-0FF0-4274-A28F-77F0E454C98B}.Debug|Any CPU.Build.0 = Debug|Any CPU
		{CDAC7B7F-0FF0-4274-A28F-77F0E454C98B}.Debug|x64.ActiveCfg = Debug|Any CPU
		{CDAC7B7F-0FF0-4274-A28F-77F0E454C98B}.Debug|x64.Build.0 = Debug|Any CPU
		{CDAC7B7F-0FF0-4274-A28F-77F0E454C98B}.Debug|x86.ActiveCfg = Debug|Any CPU
		{CDAC7B7F-0FF0-4274-A28F-77F0E454C98B}.Debug|x86.Build.0 = Debug|Any CPU
		{CDAC7B7F-0FF0-4274-A28F-77F0E454C98B}.Release|Any CPU.ActiveCfg = Release|Any CPU
		{CDAC7B7F-0FF0-4274-A28F-77F0E454C98B}.Release|Any CPU.Build.0 = Release|Any CPU
		{CDAC7B7F-0FF0-4274-A28F-77F0E454C98B}.Release|x64.ActiveCfg = Release|Any CPU
		{CDAC7B7F-0FF0-4274-A28F-77F0E454C98B}.Release|x64.Build.0 = Release|Any CPU
		{CDAC7B7F-0FF0-4274-A28F-77F0E454C98B}.Release|x86.ActiveCfg = Release|Any CPU
		{CDAC7B7F-0FF0-4274-A28F-77F0E454C98B}.Release|x86.Build.0 = Release|Any CPU
	EndGlobalSection
	GlobalSection(SolutionProperties) = preSolution
		HideSolutionNode = FALSE
	EndGlobalSection
	GlobalSection(ExtensibilityGlobals) = postSolution
		SolutionGuid = {130119C3-ACA2-4981-AAB7-319EAF5512B2}
	EndGlobalSection
EndGlobal
